
Microsoft Visual Studio Solution File, Format Version 12.00
# Visual Studio Version 17
VisualStudioVersion = 17.0.31903.59
MinimumVisualStudioVersion = 10.0.40219.1
Project("{2150E333-8FDC-42A3-9474-1A3956D46DE8}") = "src", "src", "{827E0CD3-B72D-47B6-A68D-7590B98EB39B}"
EndProject
Project("{FAE04EC0-301F-11D3-BF4B-00C04F79EFBC}") = "ThirteenThirtyOne.Application", "src\ThirteenThirtyOne.Application\ThirteenThirtyOne.Application.csproj", "{2E4F36A8-C603-4CE6-956E-327EDA3CAF78}"
EndProject
Project("{FAE04EC0-301F-11D3-BF4B-00C04F79EFBC}") = "ThirteenThirtyOne.Game.Domain", "src\ThirteenThirtyOne.Game.Domain\ThirteenThirtyOne.Game.Domain.csproj", "{DA4B0CFC-BBE8-4F2F-AEB1-DC0511D6CCFB}"
EndProject
Project("{FAE04EC0-301F-11D3-BF4B-00C04F79EFBC}") = "ThirteenThirtyOne.Game.Engine", "src\ThirteenThirtyOne.Game.Engine\ThirteenThirtyOne.Game.Engine.csproj", "{B3058E76-EF55-4C4A-9C9C-9CAA074FEA74}"
EndProject
Project("{FAE04EC0-301F-11D3-BF4B-00C04F79EFBC}") = "ThirteenThirtyOne.GameBackend", "src\ThirteenThirtyOne.GameBackend\ThirteenThirtyOne.GameBackend.csproj", "{1C87131E-5BFB-4603-8D86-615A836B425A}"
EndProject
Project("{FAE04EC0-301F-11D3-BF4B-00C04F79EFBC}") = "ThirteenThirtyOne.Infrastructure", "src\ThirteenThirtyOne.Infrastructure\ThirteenThirtyOne.Infrastructure.csproj", "{6E9D70A1-9C89-4EE2-9BC2-59935F20859A}"
EndProject
Project("{FAE04EC0-301F-11D3-BF4B-00C04F79EFBC}") = "ThirteenThirtyOne.Protocol", "src\ThirteenThirtyOne.Protocol\ThirteenThirtyOne.Protocol.csproj", "{6581C33D-19EB-4E2D-B779-7741A6523358}"
EndProject
Project("{2150E333-8FDC-42A3-9474-1A3956D46DE8}") = "tests", "tests", "{0AB3BF05-4346-4AA6-1389-037BE0695223}"
EndProject
Project("{FAE04EC0-301F-11D3-BF4B-00C04F79EFBC}") = "ThirteenThirtyOne.Application.Tests", "tests\ThirteenThirtyOne.Application.Tests\ThirteenThirtyOne.Application.Tests.csproj", "{1F8B576F-E585-4191-A6DD-C13EE259D2EB}"
EndProject
Project("{FAE04EC0-301F-11D3-BF4B-00C04F79EFBC}") = "ThirteenThirtyOne.ArchitectureTests", "tests\ThirteenThirtyOne.ArchitectureTests\ThirteenThirtyOne.ArchitectureTests.csproj", "{7C097FDD-E67A-4A9B-B022-E3E357ACF4CC}"
EndProject
Project("{FAE04EC0-301F-11D3-BF4B-00C04F79EFBC}") = "ThirteenThirtyOne.Game.Domain.Tests", "tests\ThirteenThirtyOne.Game.Domain.Tests\ThirteenThirtyOne.Game.Domain.Tests.csproj", "{224CCD03-5F5E-4570-8F7E-1B9A6297902E}"
EndProject
Project("{FAE04EC0-301F-11D3-BF4B-00C04F79EFBC}") = "ThirteenThirtyOne.Game.Engine.Tests", "tests\ThirteenThirtyOne.Game.Engine.Tests\ThirteenThirtyOne.Game.Engine.Tests.csproj", "{BEAC5294-CF70-47CD-8DC1-686148FBEF0A}"
EndProject
Project("{FAE04EC0-301F-11D3-BF4B-00C04F79EFBC}") = "ThirteenThirtyOne.IntegrationTests", "tests\ThirteenThirtyOne.IntegrationTests\ThirteenThirtyOne.IntegrationTests.csproj", "{B2FBD230-F925-47F7-AEBF-334AFB40382E}"
EndProject
Global
	GlobalSection(SolutionConfigurationPlatforms) = preSolution
		Debug|Any CPU = Debug|Any CPU
		Debug|x64 = Debug|x64
		Debug|x86 = Debug|x86
		Release|Any CPU = Release|Any CPU
		Release|x64 = Release|x64
		Release|x86 = Release|x86
	EndGlobalSection
	GlobalSection(ProjectConfigurationPlatforms) = postSolution
		{2E4F36A8-C603-4CE6-956E-327EDA3CAF78}.Debug|Any CPU.ActiveCfg = Debug|Any CPU
		{2E4F36A8-C603-4CE6-956E-327EDA3CAF78}.Debug|Any CPU.Build.0 = Debug|Any CPU
		{2E4F36A8-C603-4CE6-956E-327EDA3CAF78}.Debug|x64.ActiveCfg = Debug|Any CPU
		{2E4F36A8-C603-4CE6-956E-327EDA3CAF78}.Debug|x64.Build.0 = Debug|Any CPU
		{2E4F36A8-C603-4CE6-956E-327EDA3CAF78}.Debug|x86.ActiveCfg = Debug|Any CPU
		{2E4F36A8-C603-4CE6-956E-327EDA3CAF78}.Debug|x86.Build.0 = Debug|Any CPU
		{2E4F36A8-C603-4CE6-956E-327EDA3CAF78}.Release|Any CPU.ActiveCfg = Release|Any CPU
		{2E4F36A8-C603-4CE6-956E-327EDA3CAF78}.Release|Any CPU.Build.0 = Release|Any CPU
		{2E4F36A8-C603-4CE6-956E-327EDA3CAF78}.Release|x64.ActiveCfg = Release|Any CPU
		{2E4F36A8-C603-4CE6-956E-327EDA3CAF78}.Release|x64.Build.0 = Release|Any CPU
		{2E4F36A8-C603-4CE6-956E-327EDA3CAF78}.Release|x86.ActiveCfg = Release|Any CPU
		{2E4F36A8-C603-4CE6-956E-327EDA3CAF78}.Release|x86.Build.0 = Release|Any CPU
		{DA4B0CFC-BBE8-4F2F-AEB1-DC0511D6CCFB}.Debug|Any CPU.ActiveCfg = Debug|Any CPU
		{DA4B0CFC-BBE8-4F2F-AEB1-DC0511D6CCFB}.Debug|Any CPU.Build.0 = Debug|Any CPU
		{DA4B0CFC-BBE8-4F2F-AEB1-DC0511D6CCFB}.Debug|x64.ActiveCfg = Debug|Any CPU
		{DA4B0CFC-BBE8-4F2F-AEB1-DC0511D6CCFB}.Debug|x64.Build.0 = Debug|Any CPU
		{DA4B0CFC-BBE8-4F2F-AEB1-DC0511D6CCFB}.Debug|x86.ActiveCfg = Debug|Any CPU
		{DA4B0CFC-BBE8-4F2F-AEB1-DC0511D6CCFB}.Debug|x86.Build.0 = Debug|Any CPU
		{DA4B0CFC-BBE8-4F2F-AEB1-DC0511D6CCFB}.Release|Any CPU.ActiveCfg = Release|Any CPU
		{DA4B0CFC-BBE8-4F2F-AEB1-DC0511D6CCFB}.Release|Any CPU.Build.0 = Release|Any CPU
		{DA4B0CFC-BBE8-4F2F-AEB1-DC0511D6CCFB}.Release|x64.ActiveCfg = Release|Any CPU
		{DA4B0CFC-BBE8-4F2F-AEB1-DC0511D6CCFB}.Release|x64.Build.0 = Release|Any CPU
		{DA4B0CFC-BBE8-4F2F-AEB1-DC0511D6CCFB}.Release|x86.ActiveCfg = Release|Any CPU
		{DA4B0CFC-BBE8-4F2F-AEB1-DC0511D6CCFB}.Release|x86.Build.0 = Release|Any CPU
		{B3058E76-EF55-4C4A-9C9C-9CAA074FEA74}.Debug|Any CPU.ActiveCfg = Debug|Any CPU
		{B3058E76-EF55-4C4A-9C9C-9CAA074FEA74}.Debug|Any CPU.Build.0 = Debug|Any CPU
		{B3058E76-EF55-4C4A-9C9C-9CAA074FEA74}.Debug|x64.ActiveCfg = Debug|Any CPU
		{B3058E76-EF55-4C4A-9C9C-9CAA074FEA74}.Debug|x64.Build.0 = Debug|Any CPU
		{B3058E76-EF55-4C4A-9C9C-9CAA074FEA74}.Debug|x86.ActiveCfg = Debug|Any CPU
		{B3058E76-EF55-4C4A-9C9C-9CAA074FEA74}.Debug|x86.Build.0 = Debug|Any CPU
		{B3058E76-EF55-4C4A-9C9C-9CAA074FEA74}.Release|Any CPU.ActiveCfg = Release|Any CPU
		{B3058E76-EF55-4C4A-9C9C-9CAA074FEA74}.Release|Any CPU.Build.0 = Release|Any CPU
		{B3058E76-EF55-4C4A-9C9C-9CAA074FEA74}.Release|x64.ActiveCfg = Release|Any CPU
		{B3058E76-EF55-4C4A-9C9C-9CAA074FEA74}.Release|x64.Build.0 = Release|Any CPU
		{B3058E76-EF55-4C4A-9C9C-9CAA074FEA74}.Release|x86.ActiveCfg = Release|Any CPU
		{B3058E76-EF55-4C4A-9C9C-9CAA074FEA74}.Release|x86.Build.0 = Release|Any CPU
		{1C87131E-5BFB-4603-8D86-615A836B425A}.Debug|Any CPU.ActiveCfg = Debug|Any CPU
		{1C87131E-5BFB-4603-8D86-615A836B425A}.Debug|Any CPU.Build.0 = Debug|Any CPU
		{1C87131E-5BFB-4603-8D86-615A836B425A}.Debug|x64.ActiveCfg = Debug|Any CPU
		{1C87131E-5BFB-4603-8D86-615A836B425A}.Debug|x64.Build.0 = Debug|Any CPU
		{1C87131E-5BFB-4603-8D86-615A836B425A}.Debug|x86.ActiveCfg = Debug|Any CPU
		{1C87131E-5BFB-4603-8D86-615A836B425A}.Debug|x86.Build.0 = Debug|Any CPU
		{1C87131E-5BFB-4603-8D86-615A836B425A}.Release|Any CPU.ActiveCfg = Release|Any CPU
		{1C87131E-5BFB-4603-8D86-615A836B425A}.Release|Any CPU.Build.0 = Release|Any CPU
		{1C87131E-5BFB-4603-8D86-615A836B425A}.Release|x64.ActiveCfg = Release|Any CPU
		{1C87131E-5BFB-4603-8D86-615A836B425A}.Release|x64.Build.0 = Release|Any CPU
		{1C87131E-5BFB-4603-8D86-615A836B425A}.Release|x86.ActiveCfg = Release|Any CPU
		{1C87131E-5BFB-4603-8D86-615A836B425A}.Release|x86.Build.0 = Release|Any CPU
		{6E9D70A1-9C89-4EE2-9BC2-59935F20859A}.Debug|Any CPU.ActiveCfg = Debug|Any CPU
		{6E9D70A1-9C89-4EE2-9BC2-59935F20859A}.Debug|Any CPU.Build.0 = Debug|Any CPU
		{6E9D70A1-9C89-4EE2-9BC2-59935F20859A}.Debug|x64.ActiveCfg = Debug|Any CPU
		{6E9D70A1-9C89-4EE2-9BC2-59935F20859A}.Debug|x64.Build.0 = Debug|Any CPU
		{6E9D70A1-9C89-4EE2-9BC2-59935F20859A}.Debug|x86.ActiveCfg = Debug|Any CPU
		{6E9D70A1-9C89-4EE2-9BC2-59935F20859A}.Debug|x86.Build.0 = Debug|Any CPU
		{6E9D70A1-9C89-4EE2-9BC2-59935F20859A}.Release|Any CPU.ActiveCfg = Release|Any CPU
		{6E9D70A1-9C89-4EE2-9BC2-59935F20859A}.Release|Any CPU.Build.0 = Release|Any CPU
		{6E9D70A1-9C89-4EE2-9BC2-59935F20859A}.Release|x64.ActiveCfg = Release|Any CPU
		{6E9D70A1-9C89-4EE2-9BC2-59935F20859A}.Release|x64.Build.0 = Release|Any CPU
		{6E9D70A1-9C89-4EE2-9BC2-59935F20859A}.Release|x86.ActiveCfg = Release|Any CPU
		{6E9D70A1-9C89-4EE2-9BC2-59935F20859A}.Release|x86.Build.0 = Release|Any CPU
		{6581C33D-19EB-4E2D-B779-7741A6523358}.Debug|Any CPU.ActiveCfg = Debug|Any CPU
		{6581C33D-19EB-4E2D-B779-7741A6523358}.Debug|Any CPU.Build.0 = Debug|Any CPU
		{6581C33D-19EB-4E2D-B779-7741A6523358}.Debug|x64.ActiveCfg = Debug|Any CPU
		{6581C33D-19EB-4E2D-B779-7741A6523358}.Debug|x64.Build.0 = Debug|Any CPU
		{6581C33D-19EB-4E2D-B779-7741A6523358}.Debug|x86.ActiveCfg = Debug|Any CPU
		{6581C33D-19EB-4E2D-B779-7741A6523358}.Debug|x86.Build.0 = Debug|Any CPU
		{6581C33D-19EB-4E2D-B779-7741A6523358}.Release|Any CPU.ActiveCfg = Release|Any CPU
		{6581C33D-19EB-4E2D-B779-7741A6523358}.Release|Any CPU.Build.0 = Release|Any CPU
		{6581C33D-19EB-4E2D-B779-7741A6523358}.Release|x64.ActiveCfg = Release|Any CPU
		{6581C33D-19EB-4E2D-B779-7741A6523358}.Release|x64.Build.0 = Release|Any CPU
		{6581C33D-19EB-4E2D-B779-7741A6523358}.Release|x86.ActiveCfg = Release|Any CPU
		{6581C33D-19EB-4E2D-B779-7741A6523358}.Release|x86.Build.0 = Release|Any CPU
		{1F8B576F-E585-4191-A6DD-C13EE259D2EB}.Debug|Any CPU.ActiveCfg = Debug|Any CPU
		{1F8B576F-E585-4191-A6DD-C13EE259D2EB}.Debug|Any CPU.Build.0 = Debug|Any CPU
		{1F8B576F-E585-4191-A6DD-C13EE259D2EB}.Debug|x64.ActiveCfg = Debug|Any CPU
		{1F8B576F-E585-4191-A6DD-C13EE259D2EB}.Debug|x64.Build.0 = Debug|Any CPU
		{1F8B576F-E585-4191-A6DD-C13EE259D2EB}.Debug|x86.ActiveCfg = Debug|Any CPU
		{1F8B576F-E585-4191-A6DD-C13EE259D2EB}.Debug|x86.Build.0 = Debug|Any CPU
		{1F8B576F-E585-4191-A6DD-C13EE259D2EB}.Release|Any CPU.ActiveCfg = Release|Any CPU
		{1F8B576F-E585-4191-A6DD-C13EE259D2EB}.Release|Any CPU.Build.0 = Release|Any CPU
		{1F8B576F-E585-4191-A6DD-C13EE259D2EB}.Release|x64.ActiveCfg = Release|Any CPU
		{1F8B576F-E585-4191-A6DD-C13EE259D2EB}.Release|x64.Build.0 = Release|Any CPU
		{1F8B576F-E585-4191-A6DD-C13EE259D2EB}.Release|x86.ActiveCfg = Release|Any CPU
		{1F8B576F-E585-4191-A6DD-C13EE259D2EB}.Release|x86.Build.0 = Release|Any CPU
		{7C097FDD-E67A-4A9B-B022-E3E357ACF4CC}.Debug|Any CPU.ActiveCfg = Debug|Any CPU
		{7C097FDD-E67A-4A9B-B022-E3E357ACF4CC}.Debug|Any CPU.Build.0 = Debug|Any CPU
		{7C097FDD-E67A-4A9B-B022-E3E357ACF4CC}.Debug|x64.ActiveCfg = Debug|Any CPU
		{7C097FDD-E67A-4A9B-B022-E3E357ACF4CC}.Debug|x64.Build.0 = Debug|Any CPU
		{7C097FDD-E67A-4A9B-B022-E3E357ACF4CC}.Debug|x86.ActiveCfg = Debug|Any CPU
		{7C097FDD-E67A-4A9B-B022-E3E357ACF4CC}.Debug|x86.Build.0 = Debug|Any CPU
		{7C097FDD-E67A-4A9B-B022-E3E357ACF4CC}.Release|Any CPU.ActiveCfg = Release|Any CPU
		{7C097FDD-E67A-4A9B-B022-E3E357ACF4CC}.Release|Any CPU.Build.0 = Release|Any CPU
		{7C097FDD-E67A-4A9B-B022-E3E357ACF4CC}.Release|x64.ActiveCfg = Release|Any CPU
		{7C097FDD-E67A-4A9B-B022-E3E357ACF4CC}.Release|x64.Build.0 = Release|Any CPU
		{7C097FDD-E67A-4A9B-B022-E3E357ACF4CC}.Release|x86.ActiveCfg = Release|Any CPU
		{7C097FDD-E67A-4A9B-B022-E3E357ACF4CC}.Release|x86.Build.0 = Release|Any CPU
		{224CCD03-5F5E-4570-8F7E-1B9A6297902E}.Debug|Any CPU.ActiveCfg = Debug|Any CPU
		{224CCD03-5F5E-4570-8F7E-1B9A6297902E}.Debug|Any CPU.Build.0 = Debug|Any CPU
		{224CCD03-5F5E-4570-8F7E-1B9A6297902E}.Debug|x64.ActiveCfg = Debug|Any CPU
		{224CCD03-5F5E-4570-8F7E-1B9A6297902E}.Debug|x64.Build.0 = Debug|Any CPU
		{224CCD03-5F5E-4570-8F7E-1B9A6297902E}.Debug|x86.ActiveCfg = Debug|Any CPU
		{224CCD03-5F5E-4570-8F7E-1B9A6297902E}.Debug|x86.Build.0 = Debug|Any CPU
		{224CCD03-5F5E-4570-8F7E-1B9A6297902E}.Release|Any CPU.ActiveCfg = Release|Any CPU
		{224CCD03-5F5E-4570-8F7E-1B9A6297902E}.Release|Any CPU.Build.0 = Release|Any CPU
		{224CCD03-5F5E-4570-8F7E-1B9A6297902E}.Release|x64.ActiveCfg = Release|Any CPU
		{224CCD03-5F5E-4570-8F7E-1B9A6297902E}.Release|x64.Build.0 = Release|Any CPU
		{224CCD03-5F5E-4570-8F7E-1B9A6297902E}.Release|x86.ActiveCfg = Release|Any CPU
		{224CCD03-5F5E-4570-8F7E-1B9A6297902E}.Release|x86.Build.0 = Release|Any CPU
		{BEAC5294-CF70-47CD-8DC1-686148FBEF0A}.Debug|Any CPU.ActiveCfg = Debug|Any CPU
		{BEAC5294-CF70-47CD-8DC1-686148FBEF0A}.Debug|Any CPU.Build.0 = Debug|Any CPU
		{BEAC5294-CF70-47CD-8DC1-686148FBEF0A}.Debug|x64.ActiveCfg = Debug|Any CPU
		{BEAC5294-CF70-47CD-8DC1-686148FBEF0A}.Debug|x64.Build.0 = Debug|Any CPU
		{BEAC5294-CF70-47CD-8DC1-686148FBEF0A}.Debug|x86.ActiveCfg = Debug|Any CPU
		{BEAC5294-CF70-47CD-8DC1-686148FBEF0A}.Debug|x86.Build.0 = Debug|Any CPU
		{BEAC5294-CF70-47CD-8DC1-686148FBEF0A}.Release|Any CPU.ActiveCfg = Release|Any CPU
		{BEAC5294-CF70-47CD-8DC1-686148FBEF0A}.Release|Any CPU.Build.0 = Release|Any CPU
		{BEAC5294-CF70-47CD-8DC1-686148FBEF0A}.Release|x64.ActiveCfg = Release|Any CPU
		{BEAC5294-CF70-47CD-8DC1-686148FBEF0A}.Release|x64.Build.0 = Release|Any CPU
		{BEAC5294-CF70-47CD-8DC1-686148FBEF0A}.Release|x86.ActiveCfg = Release|Any CPU
		{BEAC5294-CF70-47CD-8DC1-686148FBEF0A}.Release|x86.Build.0 = Release|Any CPU
		{B2FBD230-F925-47F7-AEBF-334AFB40382E}.Debug|Any CPU.ActiveCfg = Debug|Any CPU
		{B2FBD230-F925-47F7-AEBF-334AFB40382E}.Debug|Any CPU.Build.0 = Debug|Any CPU
		{B2FBD230-F925-47F7-AEBF-334AFB40382E}.Debug|x64.ActiveCfg = Debug|Any CPU
		{B2FBD230-F925-47F7-AEBF-334AFB40382E}.Debug|x64.Build.0 = Debug|Any CPU
		{B2FBD230-F925-47F7-AEBF-334AFB40382E}.Debug|x86.ActiveCfg = Debug|Any CPU
		{B2FBD230-F925-47F7-AEBF-334AFB40382E}.Debug|x86.Build.0 = Debug|Any CPU
		{B2FBD230-F925-47F7-AEBF-334AFB40382E}.Release|Any CPU.ActiveCfg = Release|Any CPU
		{B2FBD230-F925-47F7-AEBF-334AFB40382E}.Release|Any CPU.Build.0 = Release|Any CPU
		{B2FBD230-F925-47F7-AEBF-334AFB40382E}.Release|x64.ActiveCfg = Release|Any CPU
		{B2FBD230-F925-47F7-AEBF-334AFB40382E}.Release|x64.Build.0 = Release|Any CPU
		{B2FBD230-F925-47F7-AEBF-334AFB40382E}.Release|x86.ActiveCfg = Release|Any CPU
		{B2FBD230-F925-47F7-AEBF-334AFB40382E}.Release|x86.Build.0 = Release|Any CPU
	EndGlobalSection
	GlobalSection(SolutionProperties) = preSolution
		HideSolutionNode = FALSE
	EndGlobalSection
	GlobalSection(NestedProjects) = preSolution
		{2E4F36A8-C603-4CE6-956E-327EDA3CAF78} = {827E0CD3-B72D-47B6-A68D-7590B98EB39B}
		{DA4B0CFC-BBE8-4F2F-AEB1-DC0511D6CCFB} = {827E0CD3-B72D-47B6-A68D-7590B98EB39B}
		{B3058E76-EF55-4C4A-9C9C-9CAA074FEA74} = {827E0CD3-B72D-47B6-A68D-7590B98EB39B}
		{1C87131E-5BFB-4603-8D86-615A836B425A} = {827E0CD3-B72D-47B6-A68D-7590B98EB39B}
		{6E9D70A1-9C89-4EE2-9BC2-59935F20859A} = {827E0CD3-B72D-47B6-A68D-7590B98EB39B}
		{6581C33D-19EB-4E2D-B779-7741A6523358} = {827E0CD3-B72D-47B6-A68D-7590B98EB39B}
		{1F8B576F-E585-4191-A6DD-C13EE259D2EB} = {0AB3BF05-4346-4AA6-1389-037BE0695223}
		{7C097FDD-E67A-4A9B-B022-E3E357ACF4CC} = {0AB3BF05-4346-4AA6-1389-037BE0695223}
		{224CCD03-5F5E-4570-8F7E-1B9A6297902E} = {0AB3BF05-4346-4AA6-1389-037BE0695223}
		{BEAC5294-CF70-47CD-8DC1-686148FBEF0A} = {0AB3BF05-4346-4AA6-1389-037BE0695223}
		{B2FBD230-F925-47F7-AEBF-334AFB40382E} = {0AB3BF05-4346-4AA6-1389-037BE0695223}
	EndGlobalSection
EndGlobal
